
Microsoft Visual Studio Solution File, Format Version 12.00
# Visual Studio Version 17
VisualStudioVersion = 17.4.33213.308
MinimumVisualStudioVersion = 10.0.40219.1
Project("{FAE04EC0-301F-11D3-BF4B-00C04F79EFBC}") = "basico progra2", "basico progra2\basico progra2.csproj", "{C8C383F8-EBDB-4944-95A5-F30FC26AE895}"
EndProject
Global
	GlobalSection(SolutionConfigurationPlatforms) = preSolution
		Debug|Any CPU = Debug|Any CPU
		Release|Any CPU = Release|Any CPU
	EndGlobalSection
	GlobalSection(ProjectConfigurationPlatforms) = postSolution
		{C8C383F8-EBDB-4944-95A5-F30FC26AE895}.Debug|Any CPU.ActiveCfg = Debug|Any CPU
		{C8C383F8-EBDB-4944-95A5-F30FC26AE895}.Debug|Any CPU.Build.0 = Debug|Any CPU
		{C8C383F8-EBDB-4944-95A5-F30FC26AE895}.Release|Any CPU.ActiveCfg = Release|Any CPU
		{C8C383F8-EBDB-4944-95A5-F30FC26AE895}.Release|Any CPU.Build.0 = Release|Any CPU
	EndGlobalSection
	GlobalSection(SolutionProperties) = preSolution
		HideSolutionNode = FALSE
	EndGlobalSection
	GlobalSection(ExtensibilityGlobals) = postSolution
		SolutionGuid = {9E21A844-7AC3-4146-A91C-1FF94A2885BC}
	EndGlobalSection
EndGlobal
